{
  "name": "pyramid",
  "version": "1.0.0",
  "lockfileVersion": 2,
  "requires": true,
  "packages": {
    "": {
      "name": "pyramid",
      "version": "1.0.0",
      "license": "ISC",
      "dependencies": {
        "ci": "^2.2.0",
        "typescript": "^4.9.4"
      }
    },
    "node_modules/ci": {
      "version": "2.2.0",
      "resolved": "https://registry.npmjs.org/ci/-/ci-2.2.0.tgz",
      "integrity": "sha512-lBkEN6XclyW0jnprtFQ+dsbP+9zwmo37Z1cV38h4FSDgI2QzFqwknJnVSvRxK9UXkPC4ZcVOVFyCVrNylTX52Q==",
      "bin": {
        "ci": "lib/ci.js"
      },
      "funding": {
        "url": "https://github.com/privatenumber/ci?sponsor=1"
      }
    },
    "node_modules/typescript": {
      "version": "4.9.4",
      "resolved": "https://registry.npmjs.org/typescript/-/typescript-4.9.4.tgz",
      "integrity": "sha512-Uz+dTXYzxXXbsFpM86Wh3dKCxrQqUcVMxwU54orwlJjOpO3ao8L7j5lH+dWfTwgCwIuM9GQ2kvVotzYJMXTBZg==",
      "bin": {
        "tsc": "bin/tsc",
        "tsserver": "bin/tsserver"
      },
      "engines": {
        "node": ">=4.2.0"
      }
    }
  },
  "dependencies": {
    "ci": {
      "version": "2.2.0",
      "resolved": "https://registry.npmjs.org/ci/-/ci-2.2.0.tgz",
      "integrity": "sha512-lBkEN6XclyW0jnprtFQ+dsbP+9zwmo37Z1cV38h4FSDgI2QzFqwknJnVSvRxK9UXkPC4ZcVOVFyCVrNylTX52Q=="
    },
    "typescript": {
      "version": "4.9.4",
      "resolved": "https://registry.npmjs.org/typescript/-/typescript-4.9.4.tgz",
      "integrity": "sha512-Uz+dTXYzxXXbsFpM86Wh3dKCxrQqUcVMxwU54orwlJjOpO3ao8L7j5lH+dWfTwgCwIuM9GQ2kvVotzYJMXTBZg=="
    }
  }
}
