# This file is automatically @generated by Cargo.
# It is not intended for manual editing.
version = 3

[[package]]
name = "array_builder"
version = "0.1.4"
source = "registry+https://github.com/rust-lang/crates.io-index"
checksum = "41b4889449b3c4d1813e5a5882ac706e88ae1ceeacc7b835a5e459099a597cc8"

[[package]]
name = "array_iter_tools"
version = "0.2.0"
source = "registry+https://github.com/rust-lang/crates.io-index"
checksum = "eca6400f530f4ee3d9075bf1bf1e4fed2c1c4bedbd9a56ce7239f748167b191e"
dependencies = [
 "array_builder",
]

[[package]]
name = "autocfg"
version = "1.1.0"
source = "registry+https://github.com/rust-lang/crates.io-index"
checksum = "d468802bab17cbc0cc575e9b053f41e72aa36bfa6b7f55e3529ffa43161b97fa"

[[package]]
name = "iter_num_tools"
version = "0.6.2"
source = "registry+https://github.com/rust-lang/crates.io-index"
checksum = "7711c6efabc6320687553b58e0c9edc6a2ea8dcabac1c6d371cd544c81c33173"
dependencies = [
 "array_iter_tools",
 "num-traits",
]

[[package]]
name = "libm"
version = "0.2.5"
source = "registry+https://github.com/rust-lang/crates.io-index"
checksum = "292a948cd991e376cf75541fe5b97a1081d713c618b4f1b9500f8844e49eb565"

[[package]]
name = "num-traits"
version = "0.2.15"
source = "registry+https://github.com/rust-lang/crates.io-index"
checksum = "578ede34cf02f8924ab9447f50c28075b4d3e5b269972345e7e0372b38c6cdcd"
dependencies = [
 "autocfg",
 "libm",
]

[[package]]
name = "pyramid_backend"
version = "0.1.0"
dependencies = [
 "iter_num_tools",
]
